
Microsoft Visual Studio Solution File, Format Version 12.00
# Visual Studio 2013
VisualStudioVersion = 12.0.30501.0
MinimumVisualStudioVersion = 10.0.40219.1
Project("{FAE04EC0-301F-11D3-BF4B-00C04F79EFBC}") = "RubberDucky", "RubberDucky\RubberDucky.csproj", "{FF82BCFC-5FFB-4424-90EE-5CFD19DE7FE8}"
	ProjectSection(ProjectDependencies) = postProject
		{3549CD6F-80F8-450F-B99E-CF0A736B1F2A} = {3549CD6F-80F8-450F-B99E-CF0A736B1F2A}
	EndProjectSection
EndProject
Project("{FAE04EC0-301F-11D3-BF4B-00C04F79EFBC}") = "WindowsInput", "inputsimulator\WindowsInput\WindowsInput.csproj", "{3549CD6F-80F8-450F-B99E-CF0A736B1F2A}"
EndProject
Project("{FAE04EC0-301F-11D3-BF4B-00C04F79EFBC}") = "QRDumper", "QRDumper\QRDumper.csproj", "{76FB7143-CC9D-49AD-951E-CCE69C848300}"
EndProject
Global
	GlobalSection(SolutionConfigurationPlatforms) = preSolution
		Debug|Any CPU = Debug|Any CPU
		Release|Any CPU = Release|Any CPU
	EndGlobalSection
	GlobalSection(ProjectConfigurationPlatforms) = postSolution
		{FF82BCFC-5FFB-4424-90EE-5CFD19DE7FE8}.Debug|Any CPU.ActiveCfg = Debug|Any CPU
		{FF82BCFC-5FFB-4424-90EE-5CFD19DE7FE8}.Debug|Any CPU.Build.0 = Debug|Any CPU
		{FF82BCFC-5FFB-4424-90EE-5CFD19DE7FE8}.Release|Any CPU.ActiveCfg = Release|Any CPU
		{FF82BCFC-5FFB-4424-90EE-5CFD19DE7FE8}.Release|Any CPU.Build.0 = Release|Any CPU
		{3549CD6F-80F8-450F-B99E-CF0A736B1F2A}.Debug|Any CPU.ActiveCfg = Debug|Any CPU
		{3549CD6F-80F8-450F-B99E-CF0A736B1F2A}.Debug|Any CPU.Build.0 = Debug|Any CPU
		{3549CD6F-80F8-450F-B99E-CF0A736B1F2A}.Release|Any CPU.ActiveCfg = Release|Any CPU
		{3549CD6F-80F8-450F-B99E-CF0A736B1F2A}.Release|Any CPU.Build.0 = Release|Any CPU
		{76FB7143-CC9D-49AD-951E-CCE69C848300}.Debug|Any CPU.ActiveCfg = Debug|Any CPU
		{76FB7143-CC9D-49AD-951E-CCE69C848300}.Debug|Any CPU.Build.0 = Debug|Any CPU
		{76FB7143-CC9D-49AD-951E-CCE69C848300}.Release|Any CPU.ActiveCfg = Release|Any CPU
		{76FB7143-CC9D-49AD-951E-CCE69C848300}.Release|Any CPU.Build.0 = Release|Any CPU
	EndGlobalSection
	GlobalSection(SolutionProperties) = preSolution
		HideSolutionNode = FALSE
	EndGlobalSection
EndGlobal
